{
  "name": "lenv-js",
  "version": "0.1.0",
  "lockfileVersion": 3,
  "requires": true,
  "packages": {
    "": {
      "name": "lenv-js",
      "version": "0.1.0",
      "license": "MIT",
      "bin": {
        "lenv": "main.mjs"
      },
      "engines": {
        "node": ">=20"
      }
    }
  }
}
