version = 1
requires-python = ">=3.12"

[[package]]
name = "importlib-resources"
version = "6.4.5"
source = { registry = "https://pypi.org/simple" }
sdist = { url = "https://files.pythonhosted.org/packages/98/be/f3e8c6081b684f176b761e6a2fef02a0be939740ed6f54109a2951d806f3/importlib_resources-6.4.5.tar.gz", hash = "sha256:980862a1d16c9e147a59603677fa2aa5fd82b87f223b6cb870695bcfce830065", size = 43372 }
wheels = [
    { url = "https://files.pythonhosted.org/packages/e1/6a/4604f9ae2fa62ef47b9de2fa5ad599589d28c9fd1d335f32759813dfa91e/importlib_resources-6.4.5-py3-none-any.whl", hash = "sha256:ac29d5f956f01d5e4bb63102a5a19957f1b9175e45649977264a1416783bb717", size = 36115 },
]

[[package]]
name = "lenv-py"
version = "0.1.0"
source = { editable = "." }
dependencies = [
    { name = "wasmtime" },
]

[package.metadata]
requires-dist = [{ name = "wasmtime", specifier = ">=25.0.0" }]

[[package]]
name = "wasmtime"
version = "25.0.0"
source = { registry = "https://pypi.org/simple" }
dependencies = [
    { name = "importlib-resources" },
]
wheels = [
    { url = "https://files.pythonhosted.org/packages/b4/43/9828dd2b2d847348f6bbf0a4c72a1e8881d94e1b0c9e15974bbfb17f4e57/wasmtime-25.0.0-py3-none-any.whl", hash = "sha256:22aa59fc6e01deec8a6703046f82466090d5811096a3bb5c169907e36c842af1", size = 4836837 },
    { url = "https://files.pythonhosted.org/packages/3f/d3/18db03cea097067eef07b655b2357b47da4f27ed909e97d4e3e13b25115f/wasmtime-25.0.0-py3-none-macosx_10_13_x86_64.whl", hash = "sha256:13e9a718e9d580c1738782cc19f4dcb9fb068f7e51778ea621fd664f4433525b", size = 5608886 },
    { url = "https://files.pythonhosted.org/packages/cc/f0/d415d6b31ba69cfca04b2d5e83fbb5fc05335323712fd91948a1a53d13be/wasmtime-25.0.0-py3-none-macosx_11_0_arm64.whl", hash = "sha256:5bdf1214ee3ee78a4a8a92da339f4c4c8c109e65af881b37f4adfc05d02af426", size = 5085341 },
    { url = "https://files.pythonhosted.org/packages/5c/ba/f551b829378d65d0e0494fdb492942a0ed2dc7f40681b2438a47d1f4af86/wasmtime-25.0.0-py3-none-manylinux1_x86_64.whl", hash = "sha256:b4364e14d44e3b7afe6a40bf608e9d0d2c40b09dece441d20f4f6e31906b729c", size = 6130671 },
    { url = "https://files.pythonhosted.org/packages/b7/36/5e83b5f7858fe1003cbb89d0d5716f628b9a00fafc3762665f06ca4ef75d/wasmtime-25.0.0-py3-none-manylinux2014_aarch64.whl", hash = "sha256:a07445073cf36a6e5d1dc28246a897dcbdaa537ba8be8805be65422ecca297eb", size = 5865401 },
    { url = "https://files.pythonhosted.org/packages/82/78/e81fee8807fd3f2a1cd32dda65207643ab83449271f38d712a6156edd09a/wasmtime-25.0.0-py3-none-musllinux_1_2_x86_64.whl", hash = "sha256:53d5f614348a28aabdf80ae4f6fdfa803031af1f74ada03826fd4fd43aeee6c8", size = 6138780 },
    { url = "https://files.pythonhosted.org/packages/1b/21/c0f3e031efe5f009215975eb7dbea86b55a69c4f02420965d1f45f43865e/wasmtime-25.0.0-py3-none-win_amd64.whl", hash = "sha256:f8a2a213b9179965db2d2eedececd69a37e287e902330509afae51c71a3a6842", size = 4836844 },
]
